<?xml version="1.0" encoding="utf-8"?>
<Project ToolsVersion="4.0" xmlns="http://schemas.microsoft.com/developer/msbuild/2003">
  <ItemGroup>
    <ClCompile Include="main.cpp" />
    <ClCompile Include="FundLibs\FileHelper\FileHelper.cpp">
      <Filter>FileHelper</Filter>
    </ClCompile>
    <ClCompile Include="FundLibs\BarakWinHelper\HelperGL\HelperGL.cpp">
      <Filter>Barak</Filter>
    </ClCompile>
    <ClCompile Include="FundLibs\BarakWinHelper\Win\win.cpp">
      <Filter>Barak</Filter>
    </ClCompile>
    <ClCompile Include="FundLibs\BarakWinHelper\Win\Keys.cpp">
      <Filter>Barak</Filter>
    </ClCompile>
    <ClCompile Include="FundLibs\BarakWinHelper\Barak.cpp">
      <Filter>Barak</Filter>
    </ClCompile>
    <ClCompile Include="FundLibs\ObjectsGL\Shader.cpp" />
    <ClCompile Include="FundLibs\BarakWinHelper\HelperGL\glad.c">
      <Filter>Barak\glad</Filter>
    </ClCompile>
    <ClCompile Include="Noises\Simplex.cpp">
      <Filter>Noises</Filter>
    </ClCompile>
  </ItemGroup>
  <ItemGroup>
    <ClInclude Include="FundLibs\FileHelper\FileHelper.hpp">
      <Filter>FileHelper</Filter>
    </ClInclude>
    <ClInclude Include="FundLibs\BarakWinHelper\HelperGL\HelperGL.h">
      <Filter>Barak</Filter>
    </ClInclude>
    <ClInclude Include="FundLibs\BarakWinHelper\Win\win.h">
      <Filter>Barak</Filter>
    </ClInclude>
    <ClInclude Include="FundLibs\BarakWinHelper\Win\Keys.h">
      <Filter>Barak</Filter>
    </ClInclude>
    <ClInclude Include="FundLibs\BarakWinHelper\Barak.h">
      <Filter>Barak</Filter>
    </ClInclude>
    <ClInclude Include="FundLibs\ObjectsGL\Shader.h" />
    <ClInclude Include="Noises\Simplex.h">
      <Filter>Noises</Filter>
    </ClInclude>
  </ItemGroup>
  <ItemGroup>
    <None Include="Shaders\main.vert.glsl">
      <Filter>shaders</Filter>
    </None>
    <None Include="Shaders\main.frag.glsl">
      <Filter>shaders</Filter>
    </None>
  </ItemGroup>
  <ItemGroup>
    <Filter Include="shaders">
      <UniqueIdentifier>{e37af66d-535b-416e-a1f0-1213543557de}</UniqueIdentifier>
    </Filter>
    <Filter Include="Barak">
      <UniqueIdentifier>{9f4e7e9b-2ac9-4eff-bbef-d4cfa2b01c79}</UniqueIdentifier>
    </Filter>
    <Filter Include="FileHelper">
      <UniqueIdentifier>{08549909-90a6-4cb8-8328-f2b4bc567a29}</UniqueIdentifier>
    </Filter>
    <Filter Include="Barak\glad">
      <UniqueIdentifier>{c15c19fb-139a-466e-b840-69f97766c12a}</UniqueIdentifier>
    </Filter>
    <Filter Include="Noises">
      <UniqueIdentifier>{66276ad4-da5d-4550-ba9a-77353938c7fb}</UniqueIdentifier>
    </Filter>
  </ItemGroup>
</Project>